
Microsoft Visual Studio Solution File, Format Version 12.00
# Visual Studio Version 16
VisualStudioVersion = 16.0.32901.82
MinimumVisualStudioVersion = 10.0.40219.1
Project("{E24C65DC-7377-472B-9ABA-BC803B73C61A}") = "LisansTezi", ".", "{5332C02B-CA13-4490-AA04-ADCF4946C093}"
	ProjectSection(WebsiteProperties) = preProject
		TargetFrameworkMoniker = ".NETFramework,Version%3Dv4.6.1"
		Debug.AspNetCompiler.VirtualPath = "/localhost_64333"
		Debug.AspNetCompiler.PhysicalPath = "D:\Veriofisi\LisansTezi\"
		Debug.AspNetCompiler.TargetPath = "PrecompiledWeb\localhost_64333\"
		Debug.AspNetCompiler.Updateable = "true"
		Debug.AspNetCompiler.ForceOverwrite = "true"
		Debug.AspNetCompiler.FixedNames = "false"
		Debug.AspNetCompiler.Debug = "True"
		Release.AspNetCompiler.VirtualPath = "/localhost_64333"
		Release.AspNetCompiler.PhysicalPath = "D:\Veriofisi\LisansTezi\"
		Release.AspNetCompiler.TargetPath = "PrecompiledWeb\localhost_64333\"
		Release.AspNetCompiler.Updateable = "true"
		Release.AspNetCompiler.ForceOverwrite = "true"
		Release.AspNetCompiler.FixedNames = "false"
		Release.AspNetCompiler.Debug = "False"
		VWDPort = "64333"
	EndProjectSection
EndProject
Global
	GlobalSection(SolutionConfigurationPlatforms) = preSolution
		Debug|Any CPU = Debug|Any CPU
	EndGlobalSection
	GlobalSection(ProjectConfigurationPlatforms) = postSolution
		{5332C02B-CA13-4490-AA04-ADCF4946C093}.Debug|Any CPU.ActiveCfg = Debug|Any CPU
		{5332C02B-CA13-4490-AA04-ADCF4946C093}.Debug|Any CPU.Build.0 = Debug|Any CPU
	EndGlobalSection
	GlobalSection(SolutionProperties) = preSolution
		HideSolutionNode = FALSE
	EndGlobalSection
	GlobalSection(ExtensibilityGlobals) = postSolution
		SolutionGuid = {57D32047-5EA5-468B-A51F-37C708188394}
	EndGlobalSection
EndGlobal
